
Microsoft Visual Studio Solution File, Format Version 12.00
# Visual Studio Version 17
VisualStudioVersion = 17.8.34525.116
MinimumVisualStudioVersion = 10.0.40219.1
Project("{9A19103F-16F7-4668-BE54-9A1E7A4F7556}") = "Docker.LinuxDemo", "Docker.LinuxDemo\Docker.LinuxDemo.csproj", "{DFDF5DAA-C49F-4819-8548-4C57D40CFED0}"
EndProject
Global
	GlobalSection(SolutionConfigurationPlatforms) = preSolution
		Debug|Any CPU = Debug|Any CPU
		Release|Any CPU = Release|Any CPU
	EndGlobalSection
	GlobalSection(ProjectConfigurationPlatforms) = postSolution
		{DFDF5DAA-C49F-4819-8548-4C57D40CFED0}.Debug|Any CPU.ActiveCfg = Debug|Any CPU
		{DFDF5DAA-C49F-4819-8548-4C57D40CFED0}.Debug|Any CPU.Build.0 = Debug|Any CPU
		{DFDF5DAA-C49F-4819-8548-4C57D40CFED0}.Release|Any CPU.ActiveCfg = Release|Any CPU
		{DFDF5DAA-C49F-4819-8548-4C57D40CFED0}.Release|Any CPU.Build.0 = Release|Any CPU
	EndGlobalSection
	GlobalSection(SolutionProperties) = preSolution
		HideSolutionNode = FALSE
	EndGlobalSection
	GlobalSection(ExtensibilityGlobals) = postSolution
		SolutionGuid = {FEBD06C4-FC69-4732-80AC-0089A0F371D6}
	EndGlobalSection
EndGlobal
