
Microsoft Visual Studio Solution File, Format Version 12.00
# Visual Studio 15
VisualStudioVersion = 15.0.27004.2005
MinimumVisualStudioVersion = 10.0.40219.1
Project("{9A19103F-16F7-4668-BE54-9A1E7A4F7556}") = "CSharp", "CSharp\CSharp.csproj", "{D8D9C6BA-A78F-4C66-A596-979B3E39D978}"
EndProject
Project("{FAE04EC0-301F-11D3-BF4B-00C04F79EFBC}") = "Examples.Web", "Examples.Web\Examples.Web.csproj", "{F5952537-4101-426A-878D-AEFADC97F072}"
EndProject
Global
	GlobalSection(SolutionConfigurationPlatforms) = preSolution
		Debug|Any CPU = Debug|Any CPU
		Debug|x86 = Debug|x86
		Release|Any CPU = Release|Any CPU
		Release|x86 = Release|x86
	EndGlobalSection
	GlobalSection(ProjectConfigurationPlatforms) = postSolution
		{D8D9C6BA-A78F-4C66-A596-979B3E39D978}.Debug|Any CPU.ActiveCfg = Debug|Any CPU
		{D8D9C6BA-A78F-4C66-A596-979B3E39D978}.Debug|Any CPU.Build.0 = Debug|Any CPU
		{D8D9C6BA-A78F-4C66-A596-979B3E39D978}.Debug|x86.ActiveCfg = Debug|x86
		{D8D9C6BA-A78F-4C66-A596-979B3E39D978}.Debug|x86.Build.0 = Debug|x86
		{D8D9C6BA-A78F-4C66-A596-979B3E39D978}.Release|Any CPU.ActiveCfg = Release|Any CPU
		{D8D9C6BA-A78F-4C66-A596-979B3E39D978}.Release|Any CPU.Build.0 = Release|Any CPU
		{D8D9C6BA-A78F-4C66-A596-979B3E39D978}.Release|x86.ActiveCfg = Release|x86
		{D8D9C6BA-A78F-4C66-A596-979B3E39D978}.Release|x86.Build.0 = Release|x86
		{F5952537-4101-426A-878D-AEFADC97F072}.Debug|Any CPU.ActiveCfg = Debug|Any CPU
		{F5952537-4101-426A-878D-AEFADC97F072}.Debug|Any CPU.Build.0 = Debug|Any CPU
		{F5952537-4101-426A-878D-AEFADC97F072}.Debug|x86.ActiveCfg = Debug|Any CPU
		{F5952537-4101-426A-878D-AEFADC97F072}.Debug|x86.Build.0 = Debug|Any CPU
		{F5952537-4101-426A-878D-AEFADC97F072}.Release|Any CPU.ActiveCfg = Release|Any CPU
		{F5952537-4101-426A-878D-AEFADC97F072}.Release|Any CPU.Build.0 = Release|Any CPU
		{F5952537-4101-426A-878D-AEFADC97F072}.Release|x86.ActiveCfg = Release|Any CPU
		{F5952537-4101-426A-878D-AEFADC97F072}.Release|x86.Build.0 = Release|Any CPU
	EndGlobalSection
	GlobalSection(SolutionProperties) = preSolution
		HideSolutionNode = FALSE
	EndGlobalSection
	GlobalSection(ExtensibilityGlobals) = postSolution
		SolutionGuid = {A6B9A19A-A388-4720-B083-E2BFC66B5212}
	EndGlobalSection
EndGlobal
