
Microsoft Visual Studio Solution File, Format Version 11.00
# Visual Studio 2010
Project("{9A19103F-16F7-4668-BE54-9A1E7A4F7556}") = "AsposePdfEditor", "AsposePdfEditor\AsposePdfEditor.csproj", "{88F3D747-5B92-4F71-BA53-1932D9599139}"
EndProject
Global
	GlobalSection(SolutionConfigurationPlatforms) = preSolution
		Debug|Any CPU = Debug|Any CPU
		Release|Any CPU = Release|Any CPU
	EndGlobalSection
	GlobalSection(ProjectConfigurationPlatforms) = postSolution
		{88F3D747-5B92-4F71-BA53-1932D9599139}.Debug|Any CPU.ActiveCfg = Debug|Any CPU
		{88F3D747-5B92-4F71-BA53-1932D9599139}.Debug|Any CPU.Build.0 = Debug|Any CPU
		{88F3D747-5B92-4F71-BA53-1932D9599139}.Release|Any CPU.ActiveCfg = Release|Any CPU
		{88F3D747-5B92-4F71-BA53-1932D9599139}.Release|Any CPU.Build.0 = Release|Any CPU
	EndGlobalSection
	GlobalSection(SolutionProperties) = preSolution
		HideSolutionNode = FALSE
	EndGlobalSection
EndGlobal
